
Microsoft Visual Studio Solution File, Format Version 12.00
# Visual Studio 15
VisualStudioVersion = 15.0.26228.4
MinimumVisualStudioVersion = 10.0.40219.1
Project("{FAE04EC0-301F-11D3-BF4B-00C04F79EFBC}") = "Client", "Client\Client.csproj", "{770C9F27-CA11-45C1-A32B-A7D61BCE58A2}"
EndProject
Project("{FAE04EC0-301F-11D3-BF4B-00C04F79EFBC}") = "DataLayer", "DataLayer\DataLayer.csproj", "{089FE4C5-5131-466C-8FB3-27ADB4936352}"
EndProject
Global
	GlobalSection(SolutionConfigurationPlatforms) = preSolution
		Debug|Any CPU = Debug|Any CPU
		Release|Any CPU = Release|Any CPU
	EndGlobalSection
	GlobalSection(ProjectConfigurationPlatforms) = postSolution
		{770C9F27-CA11-45C1-A32B-A7D61BCE58A2}.Debug|Any CPU.ActiveCfg = Debug|Any CPU
		{770C9F27-CA11-45C1-A32B-A7D61BCE58A2}.Debug|Any CPU.Build.0 = Debug|Any CPU
		{770C9F27-CA11-45C1-A32B-A7D61BCE58A2}.Release|Any CPU.ActiveCfg = Release|Any CPU
		{770C9F27-CA11-45C1-A32B-A7D61BCE58A2}.Release|Any CPU.Build.0 = Release|Any CPU
		{089FE4C5-5131-466C-8FB3-27ADB4936352}.Debug|Any CPU.ActiveCfg = Debug|Any CPU
		{089FE4C5-5131-466C-8FB3-27ADB4936352}.Debug|Any CPU.Build.0 = Debug|Any CPU
		{089FE4C5-5131-466C-8FB3-27ADB4936352}.Release|Any CPU.ActiveCfg = Release|Any CPU
		{089FE4C5-5131-466C-8FB3-27ADB4936352}.Release|Any CPU.Build.0 = Release|Any CPU
	EndGlobalSection
	GlobalSection(SolutionProperties) = preSolution
		HideSolutionNode = FALSE
	EndGlobalSection
EndGlobal
